
Microsoft Visual Studio Solution File, Format Version 12.00
# Visual Studio Version 17
VisualStudioVersion = 17.11.35219.272
MinimumVisualStudioVersion = 10.0.40219.1
Project("{FAE04EC0-301F-11D3-BF4B-00C04F79EFBC}") = "Decorator pattern", "Decorator pattern.csproj", "{46C5DD16-9157-4105-A018-9BCF62454A29}"
EndProject
Global
	GlobalSection(SolutionConfigurationPlatforms) = preSolution
		Debug|Any CPU = Debug|Any CPU
		Release|Any CPU = Release|Any CPU
	EndGlobalSection
	GlobalSection(ProjectConfigurationPlatforms) = postSolution
		{46C5DD16-9157-4105-A018-9BCF62454A29}.Debug|Any CPU.ActiveCfg = Debug|Any CPU
		{46C5DD16-9157-4105-A018-9BCF62454A29}.Debug|Any CPU.Build.0 = Debug|Any CPU
		{46C5DD16-9157-4105-A018-9BCF62454A29}.Release|Any CPU.ActiveCfg = Release|Any CPU
		{46C5DD16-9157-4105-A018-9BCF62454A29}.Release|Any CPU.Build.0 = Release|Any CPU
	EndGlobalSection
	GlobalSection(SolutionProperties) = preSolution
		HideSolutionNode = FALSE
	EndGlobalSection
	GlobalSection(ExtensibilityGlobals) = postSolution
		SolutionGuid = {C228F4BB-1CDC-41DA-8B54-113FC72D5EA8}
	EndGlobalSection
EndGlobal
